
Microsoft Visual Studio Solution File, Format Version 12.00
# Visual Studio Version 17
VisualStudioVersion = 17.2.32526.322
MinimumVisualStudioVersion = 10.0.40219.1
Project("{2150E333-8FDC-42A3-9474-1A3956D46DE8}") = "Solution Items", "Solution Items", "{DEAD1E38-A2AD-44BE-8D98-C2FB84CD909F}"
	ProjectSection(SolutionItems) = preProject
		.gitignore = .gitignore
		README.md = README.md
	EndProjectSection
EndProject
Project("{FAE04EC0-301F-11D3-BF4B-00C04F79EFBC}") = "Week3.Business", "Week3.Business\Week3.Business.csproj", "{A763F9F8-5350-4DD0-AF07-CDBA6954F1E6}"
EndProject
Project("{FAE04EC0-301F-11D3-BF4B-00C04F79EFBC}") = "Week3.DataAccess", "Week3.DataAccess\Week3.DataAccess.csproj", "{8C0763A0-484A-4C29-A306-58C8E90A2712}"
EndProject
Project("{FAE04EC0-301F-11D3-BF4B-00C04F79EFBC}") = "Week3.Entities", "Week3.Entities\Week3.Entities.csproj", "{D9A36031-9975-4003-ACCC-1562645370F6}"
EndProject
Project("{FAE04EC0-301F-11D3-BF4B-00C04F79EFBC}") = "Week3.WebAPI", "Week3.WebAPI\Week3.WebAPI.csproj", "{C9607379-7343-4EA2-B594-F485CAF85D14}"
EndProject
Global
	GlobalSection(SolutionConfigurationPlatforms) = preSolution
		Debug|Any CPU = Debug|Any CPU
		Release|Any CPU = Release|Any CPU
	EndGlobalSection
	GlobalSection(ProjectConfigurationPlatforms) = postSolution
		{A763F9F8-5350-4DD0-AF07-CDBA6954F1E6}.Debug|Any CPU.ActiveCfg = Debug|Any CPU
		{A763F9F8-5350-4DD0-AF07-CDBA6954F1E6}.Debug|Any CPU.Build.0 = Debug|Any CPU
		{A763F9F8-5350-4DD0-AF07-CDBA6954F1E6}.Release|Any CPU.ActiveCfg = Release|Any CPU
		{A763F9F8-5350-4DD0-AF07-CDBA6954F1E6}.Release|Any CPU.Build.0 = Release|Any CPU
		{8C0763A0-484A-4C29-A306-58C8E90A2712}.Debug|Any CPU.ActiveCfg = Debug|Any CPU
		{8C0763A0-484A-4C29-A306-58C8E90A2712}.Debug|Any CPU.Build.0 = Debug|Any CPU
		{8C0763A0-484A-4C29-A306-58C8E90A2712}.Release|Any CPU.ActiveCfg = Release|Any CPU
		{8C0763A0-484A-4C29-A306-58C8E90A2712}.Release|Any CPU.Build.0 = Release|Any CPU
		{D9A36031-9975-4003-ACCC-1562645370F6}.Debug|Any CPU.ActiveCfg = Debug|Any CPU
		{D9A36031-9975-4003-ACCC-1562645370F6}.Debug|Any CPU.Build.0 = Debug|Any CPU
		{D9A36031-9975-4003-ACCC-1562645370F6}.Release|Any CPU.ActiveCfg = Release|Any CPU
		{D9A36031-9975-4003-ACCC-1562645370F6}.Release|Any CPU.Build.0 = Release|Any CPU
		{C9607379-7343-4EA2-B594-F485CAF85D14}.Debug|Any CPU.ActiveCfg = Debug|Any CPU
		{C9607379-7343-4EA2-B594-F485CAF85D14}.Debug|Any CPU.Build.0 = Debug|Any CPU
		{C9607379-7343-4EA2-B594-F485CAF85D14}.Release|Any CPU.ActiveCfg = Release|Any CPU
		{C9607379-7343-4EA2-B594-F485CAF85D14}.Release|Any CPU.Build.0 = Release|Any CPU
	EndGlobalSection
	GlobalSection(SolutionProperties) = preSolution
		HideSolutionNode = FALSE
	EndGlobalSection
	GlobalSection(ExtensibilityGlobals) = postSolution
		SolutionGuid = {7FFB1F70-3983-43FA-BB27-447A4B4ED9A7}
	EndGlobalSection
EndGlobal
